
Microsoft Visual Studio Solution File, Format Version 12.00
# Visual Studio Version 17
VisualStudioVersion = 17.14.36511.14
MinimumVisualStudioVersion = 10.0.40219.1
Project("{FAE04EC0-301F-11D3-BF4B-00C04F79EFBC}") = "TgMeet", "TgMeet.csproj", "{8A726B85-DA35-4B10-BBF1-DEF23D42B8EA}"
EndProject
Project("{54435603-DBB4-11D2-8724-00A0C9A8B90C}") = "SetuBot", "..\SetuBot\SetuBot.vdproj", "{19C3FED6-EE25-B807-FD92-141707FFE9F8}"
EndProject
Global
	GlobalSection(SolutionConfigurationPlatforms) = preSolution
		Debug|Any CPU = Debug|Any CPU
		Release|Any CPU = Release|Any CPU
	EndGlobalSection
	GlobalSection(ProjectConfigurationPlatforms) = postSolution
		{8A726B85-DA35-4B10-BBF1-DEF23D42B8EA}.Debug|Any CPU.ActiveCfg = Debug|Any CPU
		{8A726B85-DA35-4B10-BBF1-DEF23D42B8EA}.Debug|Any CPU.Build.0 = Debug|Any CPU
		{8A726B85-DA35-4B10-BBF1-DEF23D42B8EA}.Release|Any CPU.ActiveCfg = Release|Any CPU
		{8A726B85-DA35-4B10-BBF1-DEF23D42B8EA}.Release|Any CPU.Build.0 = Release|Any CPU
		{19C3FED6-EE25-B807-FD92-141707FFE9F8}.Debug|Any CPU.ActiveCfg = Debug
		{19C3FED6-EE25-B807-FD92-141707FFE9F8}.Release|Any CPU.ActiveCfg = Release
	EndGlobalSection
	GlobalSection(SolutionProperties) = preSolution
		HideSolutionNode = FALSE
	EndGlobalSection
	GlobalSection(ExtensibilityGlobals) = postSolution
		SolutionGuid = {E0665E2F-8537-40E9-B08B-051439CBABE1}
	EndGlobalSection
EndGlobal
